# THIS IS AN AUTOGENERATED FILE. DO NOT EDIT THIS FILE DIRECTLY.
# yarn lockfile v1


"@cocos/box2d@^1.0.1":
  version "1.0.1"
  resolved "https://registry.yarnpkg.com/@cocos/box2d/-/box2d-1.0.1.tgz#15cda5ccfc51082b7dd6d368a3e4b9e485d2e53a"
  integrity sha512-qNPK0KZEnEwMMtrj1f/p71FuuutmzXD0n1z6jLU3ntULk7EyNfnlsKUkAZEDVtr9nPmUvQozt/XquZ+biGxTCg==
  dependencies:
    "@types/systemjs" "^0.20.6"

"@types/systemjs@^0.20.6":
  version "0.20.8"
  resolved "https://registry.yarnpkg.com/@types/systemjs/-/systemjs-0.20.8.tgz#64d337071004392f1c66b0c4af177a06bf597d35"
  integrity sha512-LO1LLPfKt5A/fqD4cxUHi1KCEQdwCgkHlT7zOIyFdWuwvZ2tDL8wUDbKY4YGOEsqifhzV6l5vE3aHJpYfwHZIg==
